
Microsoft Visual Studio Solution File, Format Version 12.00
# Visual Studio Version 17
VisualStudioVersion = 17.13.35919.96
MinimumVisualStudioVersion = 10.0.40219.1
Project("{8BC9CEB8-8B4A-11D0-8D11-00A0C91BC942}") = "ServMMO", "servmmo\servmmo.vcxproj", "{A3645ED3-C9F0-4F0F-864E-A409E535B238}"
EndProject
Project("{2150E333-8FDC-42A3-9474-1A3956D46DE8}") = "Solution Items", "Solution Items", "{8EC462FD-D22E-90A8-E5CE-7E832BA40C5D}"
	ProjectSection(SolutionItems) = preProject
		components.png = components.png
		Message_Design.png = Message_Design.png
		README.md = README.md
	EndProjectSection
EndProject
Project("{8BC9CEB8-8B4A-11D0-8D11-00A0C91BC942}") = "NetCommon", "NetCommon\NetCommon.vcxproj", "{1CA87129-2238-4A51-B4BD-DF1FF8594C7C}"
EndProject
Project("{8BC9CEB8-8B4A-11D0-8D11-00A0C91BC942}") = "NetClient", "NetClient\NetClient.vcxproj", "{8D4DB366-AD17-47D9-8F2F-AE4A2B6F817F}"
	ProjectSection(ProjectDependencies) = postProject
		{1CA87129-2238-4A51-B4BD-DF1FF8594C7C} = {1CA87129-2238-4A51-B4BD-DF1FF8594C7C}
	EndProjectSection
EndProject
Project("{8BC9CEB8-8B4A-11D0-8D11-00A0C91BC942}") = "Balls", "Balls\Balls.vcxproj", "{FAEC4D7A-C087-4185-AC89-4F43E6B6D2F2}"
EndProject
Project("{8BC9CEB8-8B4A-11D0-8D11-00A0C91BC942}") = "Paths", "Paths\Paths.vcxproj", "{AF06894F-E21C-4D76-BC99-2BAEAC8C4B24}"
EndProject
Global
	GlobalSection(SolutionConfigurationPlatforms) = preSolution
		Debug|x64 = Debug|x64
		Debug|x86 = Debug|x86
		Release|x64 = Release|x64
		Release|x86 = Release|x86
	EndGlobalSection
	GlobalSection(ProjectConfigurationPlatforms) = postSolution
		{A3645ED3-C9F0-4F0F-864E-A409E535B238}.Debug|x64.ActiveCfg = Debug|x64
		{A3645ED3-C9F0-4F0F-864E-A409E535B238}.Debug|x86.ActiveCfg = Debug|Win32
		{A3645ED3-C9F0-4F0F-864E-A409E535B238}.Debug|x86.Build.0 = Debug|Win32
		{A3645ED3-C9F0-4F0F-864E-A409E535B238}.Release|x64.ActiveCfg = Release|x64
		{A3645ED3-C9F0-4F0F-864E-A409E535B238}.Release|x64.Build.0 = Release|x64
		{A3645ED3-C9F0-4F0F-864E-A409E535B238}.Release|x86.ActiveCfg = Release|Win32
		{A3645ED3-C9F0-4F0F-864E-A409E535B238}.Release|x86.Build.0 = Release|Win32
		{1CA87129-2238-4A51-B4BD-DF1FF8594C7C}.Debug|x64.ActiveCfg = Debug|x64
		{1CA87129-2238-4A51-B4BD-DF1FF8594C7C}.Debug|x86.ActiveCfg = Debug|Win32
		{1CA87129-2238-4A51-B4BD-DF1FF8594C7C}.Debug|x86.Build.0 = Debug|Win32
		{1CA87129-2238-4A51-B4BD-DF1FF8594C7C}.Release|x64.ActiveCfg = Release|x64
		{1CA87129-2238-4A51-B4BD-DF1FF8594C7C}.Release|x64.Build.0 = Release|x64
		{1CA87129-2238-4A51-B4BD-DF1FF8594C7C}.Release|x86.ActiveCfg = Release|Win32
		{1CA87129-2238-4A51-B4BD-DF1FF8594C7C}.Release|x86.Build.0 = Release|Win32
		{8D4DB366-AD17-47D9-8F2F-AE4A2B6F817F}.Debug|x64.ActiveCfg = Debug|x64
		{8D4DB366-AD17-47D9-8F2F-AE4A2B6F817F}.Debug|x86.ActiveCfg = Debug|Win32
		{8D4DB366-AD17-47D9-8F2F-AE4A2B6F817F}.Debug|x86.Build.0 = Debug|Win32
		{8D4DB366-AD17-47D9-8F2F-AE4A2B6F817F}.Release|x64.ActiveCfg = Release|x64
		{8D4DB366-AD17-47D9-8F2F-AE4A2B6F817F}.Release|x64.Build.0 = Release|x64
		{8D4DB366-AD17-47D9-8F2F-AE4A2B6F817F}.Release|x86.ActiveCfg = Release|Win32
		{8D4DB366-AD17-47D9-8F2F-AE4A2B6F817F}.Release|x86.Build.0 = Release|Win32
		{FAEC4D7A-C087-4185-AC89-4F43E6B6D2F2}.Debug|x64.ActiveCfg = Debug|x64
		{FAEC4D7A-C087-4185-AC89-4F43E6B6D2F2}.Debug|x86.ActiveCfg = Debug|Win32
		{FAEC4D7A-C087-4185-AC89-4F43E6B6D2F2}.Debug|x86.Build.0 = Debug|Win32
		{FAEC4D7A-C087-4185-AC89-4F43E6B6D2F2}.Release|x64.ActiveCfg = Release|x64
		{FAEC4D7A-C087-4185-AC89-4F43E6B6D2F2}.Release|x64.Build.0 = Release|x64
		{FAEC4D7A-C087-4185-AC89-4F43E6B6D2F2}.Release|x86.ActiveCfg = Release|Win32
		{FAEC4D7A-C087-4185-AC89-4F43E6B6D2F2}.Release|x86.Build.0 = Release|Win32
		{AF06894F-E21C-4D76-BC99-2BAEAC8C4B24}.Debug|x64.ActiveCfg = Debug|x64
		{AF06894F-E21C-4D76-BC99-2BAEAC8C4B24}.Debug|x64.Build.0 = Debug|x64
		{AF06894F-E21C-4D76-BC99-2BAEAC8C4B24}.Debug|x86.ActiveCfg = Debug|Win32
		{AF06894F-E21C-4D76-BC99-2BAEAC8C4B24}.Debug|x86.Build.0 = Debug|Win32
		{AF06894F-E21C-4D76-BC99-2BAEAC8C4B24}.Release|x64.ActiveCfg = Release|x64
		{AF06894F-E21C-4D76-BC99-2BAEAC8C4B24}.Release|x64.Build.0 = Release|x64
		{AF06894F-E21C-4D76-BC99-2BAEAC8C4B24}.Release|x86.ActiveCfg = Release|Win32
		{AF06894F-E21C-4D76-BC99-2BAEAC8C4B24}.Release|x86.Build.0 = Release|Win32
	EndGlobalSection
	GlobalSection(SolutionProperties) = preSolution
		HideSolutionNode = FALSE
	EndGlobalSection
	GlobalSection(ExtensibilityGlobals) = postSolution
		SolutionGuid = {9AEDA93F-7DAD-4B3A-899B-D3960CAF9534}
	EndGlobalSection
EndGlobal
